// !$*UTF8*$!
{
	archiveVersion = 1;
	classes = {
	};
	objectVersion = 50;
	objects = {

/* Begin PBXBuildFile section */
		8C13386E213744900002175C /* AppDelegate.swift in Sources */ = {isa = PBXBuildFile; fileRef = 8C13386D213744900002175C /* AppDelegate.swift */; };
		8C133870213744900002175C /* ViewController.swift in Sources */ = {isa = PBXBuildFile; fileRef = 8C13386F213744900002175C /* ViewController.swift */; };
		8C133873213744900002175C /* Main.storyboard in Resources */ = {isa = PBXBuildFile; fileRef = 8C133871213744900002175C /* Main.storyboard */; };
		8C133875213744920002175C /* Assets.xcassets in Resources */ = {isa = PBXBuildFile; fileRef = 8C133874213744920002175C /* Assets.xcassets */; };
		8C133878213744920002175C /* LaunchScreen.storyboard in Resources */ = {isa = PBXBuildFile; fileRef = 8C133876213744920002175C /* LaunchScreen.storyboard */; };
		8C13387D213744920002175C /* Project37 WatchKit App.app in Embed Watch Content */ = {isa = PBXBuildFile; fileRef = 8C13387C213744920002175C /* Project37 WatchKit App.app */; };
		8C133883213744920002175C /* Interface.storyboard in Resources */ = {isa = PBXBuildFile; fileRef = 8C133881213744920002175C /* Interface.storyboard */; };
		8C133885213744930002175C /* Assets.xcassets in Resources */ = {isa = PBXBuildFile; fileRef = 8C133884213744930002175C /* Assets.xcassets */; };
		8C13388C213744930002175C /* Project37 WatchKit Extension.appex in Embed App Extensions */ = {isa = PBXBuildFile; fileRef = 8C13388B213744930002175C /* Project37 WatchKit Extension.appex */; settings = {ATTRIBUTES = (RemoveHeadersOnCopy, ); }; };
		8C133891213744930002175C /* InterfaceController.swift in Sources */ = {isa = PBXBuildFile; fileRef = 8C133890213744930002175C /* InterfaceController.swift */; };
		8C133893213744930002175C /* ExtensionDelegate.swift in Sources */ = {isa = PBXBuildFile; fileRef = 8C133892213744930002175C /* ExtensionDelegate.swift */; };
		8C133895213744940002175C /* Assets.xcassets in Resources */ = {isa = PBXBuildFile; fileRef = 8C133894213744940002175C /* Assets.xcassets */; };
/* End PBXBuildFile section */

/* Begin PBXContainerItemProxy section */
		8C13387E213744920002175C /* PBXContainerItemProxy */ = {
			isa = PBXContainerItemProxy;
			containerPortal = 8C133862213744900002175C /* Project object */;
			proxyType = 1;
			remoteGlobalIDString = 8C13387B213744920002175C;
			remoteInfo = "Project37 WatchKit App";
		};
		8C13388D213744930002175C /* PBXContainerItemProxy */ = {
			isa = PBXContainerItemProxy;
			containerPortal = 8C133862213744900002175C /* Project object */;
			proxyType = 1;
			remoteGlobalIDString = 8C13388A213744930002175C;
			remoteInfo = "Project37 WatchKit Extension";
		};
/* End PBXContainerItemProxy section */

/* Begin PBXCopyFilesBuildPhase section */
		8C13389C213744940002175C /* Embed App Extensions */ = {
			isa = PBXCopyFilesBuildPhase;
			buildActionMask = 2147483647;
			dstPath = "";
			dstSubfolderSpec = 13;
			files = (
				8C13388C213744930002175C /* Project37 WatchKit Extension.appex in Embed App Extensions */,
			);
			name = "Embed App Extensions";
			runOnlyForDeploymentPostprocessing = 0;
		};
		8C1338A0213744940002175C /* Embed Watch Content */ = {
			isa = PBXCopyFilesBuildPhase;
			buildActionMask = 2147483647;
			dstPath = "$(CONTENTS_FOLDER_PATH)/Watch";
			dstSubfolderSpec = 16;
			files = (
				8C13387D213744920002175C /* Project37 WatchKit App.app in Embed Watch Content */,
			);
			name = "Embed Watch Content";
			runOnlyForDeploymentPostprocessing = 0;
		};
/* End PBXCopyFilesBuildPhase section */

/* Begin PBXFileReference section */
		8C13386A213744900002175C /* Project37.app */ = {isa = PBXFileReference; explicitFileType = wrapper.application; includeInIndex = 0; path = Project37.app; sourceTree = BUILT_PRODUCTS_DIR; };
		8C13386D213744900002175C /* AppDelegate.swift */ = {isa = PBXFileReference; lastKnownFileType = sourcecode.swift; path = AppDelegate.swift; sourceTree = "<group>"; };
		8C13386F213744900002175C /* ViewController.swift */ = {isa = PBXFileReference; lastKnownFileType = sourcecode.swift; path = ViewController.swift; sourceTree = "<group>"; };
		8C133872213744900002175C /* Base */ = {isa = PBXFileReference; lastKnownFileType = file.storyboard; name = Base; path = Base.lproj/Main.storyboard; sourceTree = "<group>"; };
		8C133874213744920002175C /* Assets.xcassets */ = {isa = PBXFileReference; lastKnownFileType = folder.assetcatalog; path = Assets.xcassets; sourceTree = "<group>"; };
		8C133877213744920002175C /* Base */ = {isa = PBXFileReference; lastKnownFileType = file.storyboard; name = Base; path = Base.lproj/LaunchScreen.storyboard; sourceTree = "<group>"; };
		8C133879213744920002175C /* Info.plist */ = {isa = PBXFileReference; lastKnownFileType = text.plist.xml; path = Info.plist; sourceTree = "<group>"; };
		8C13387C213744920002175C /* Project37 WatchKit App.app */ = {isa = PBXFileReference; explicitFileType = wrapper.application; includeInIndex = 0; path = "Project37 WatchKit App.app"; sourceTree = BUILT_PRODUCTS_DIR; };
		8C133882213744920002175C /* Base */ = {isa = PBXFileReference; lastKnownFileType = file.storyboard; name = Base; path = Base.lproj/Interface.storyboard; sourceTree = "<group>"; };
		8C133884213744930002175C /* Assets.xcassets */ = {isa = PBXFileReference; lastKnownFileType = folder.assetcatalog; path = Assets.xcassets; sourceTree = "<group>"; };
		8C133886213744930002175C /* Info.plist */ = {isa = PBXFileReference; lastKnownFileType = text.plist.xml; path = Info.plist; sourceTree = "<group>"; };
		8C13388B213744930002175C /* Project37 WatchKit Extension.appex */ = {isa = PBXFileReference; explicitFileType = "wrapper.app-extension"; includeInIndex = 0; path = "Project37 WatchKit Extension.appex"; sourceTree = BUILT_PRODUCTS_DIR; };
		8C133890213744930002175C /* InterfaceController.swift */ = {isa = PBXFileReference; lastKnownFileType = sourcecode.swift; path = InterfaceController.swift; sourceTree = "<group>"; };
		8C133892213744930002175C /* ExtensionDelegate.swift */ = {isa = PBXFileReference; lastKnownFileType = sourcecode.swift; path = ExtensionDelegate.swift; sourceTree = "<group>"; };
		8C133894213744940002175C /* Assets.xcassets */ = {isa = PBXFileReference; lastKnownFileType = folder.assetcatalog; path = Assets.xcassets; sourceTree = "<group>"; };
		8C133896213744940002175C /* Info.plist */ = {isa = PBXFileReference; lastKnownFileType = text.plist.xml; path = Info.plist; sourceTree = "<group>"; };
/* End PBXFileReference section */

/* Begin PBXFrameworksBuildPhase section */
		8C133867213744900002175C /* Frameworks */ = {
			isa = PBXFrameworksBuildPhase;
			buildActionMask = 2147483647;
			files = (
			);
			runOnlyForDeploymentPostprocessing = 0;
		};
		8C133888213744930002175C /* Frameworks */ = {
			isa = PBXFrameworksBuildPhase;
			buildActionMask = 2147483647;
			files = (
			);
			runOnlyForDeploymentPostprocessing = 0;
		};
/* End PBXFrameworksBuildPhase section */

/* Begin PBXGroup section */
		8C133861213744900002175C = {
			isa = PBXGroup;
			children = (
				8C13386C213744900002175C /* Project37 */,
				8C133880213744920002175C /* Project37 WatchKit App */,
				8C13388F213744930002175C /* Project37 WatchKit Extension */,
				8C13386B213744900002175C /* Products */,
			);
			sourceTree = "<group>";
		};
		8C13386B213744900002175C /* Products */ = {
			isa = PBXGroup;
			children = (
				8C13386A213744900002175C /* Project37.app */,
				8C13387C213744920002175C /* Project37 WatchKit App.app */,
				8C13388B213744930002175C /* Project37 WatchKit Extension.appex */,
			);
			name = Products;
			sourceTree = "<group>";
		};
		8C13386C213744900002175C /* Project37 */ = {
			isa = PBXGroup;
			children = (
				8C13386D213744900002175C /* AppDelegate.swift */,
				8C13386F213744900002175C /* ViewController.swift */,
				8C133871213744900002175C /* Main.storyboard */,
				8C133874213744920002175C /* Assets.xcassets */,
				8C133876213744920002175C /* LaunchScreen.storyboard */,
				8C133879213744920002175C /* Info.plist */,
			);
			path = Project37;
			sourceTree = "<group>";
		};
		8C133880213744920002175C /* Project37 WatchKit App */ = {
			isa = PBXGroup;
			children = (
				8C133881213744920002175C /* Interface.storyboard */,
				8C133884213744930002175C /* Assets.xcassets */,
				8C133886213744930002175C /* Info.plist */,
			);
			path = "Project37 WatchKit App";
			sourceTree = "<group>";
		};
		8C13388F213744930002175C /* Project37 WatchKit Extension */ = {
			isa = PBXGroup;
			children = (
				8C133890213744930002175C /* InterfaceController.swift */,
				8C133892213744930002175C /* ExtensionDelegate.swift */,
				8C133894213744940002175C /* Assets.xcassets */,
				8C133896213744940002175C /* Info.plist */,
			);
			path = "Project37 WatchKit Extension";
			sourceTree = "<group>";
		};
/* End PBXGroup section */

/* Begin PBXNativeTarget section */
		8C133869213744900002175C /* Project37 */ = {
			isa = PBXNativeTarget;
			buildConfigurationList = 8C1338A1213744940002175C /* Build configuration list for PBXNativeTarget "Project37" */;
			buildPhases = (
				8C133866213744900002175C /* Sources */,
				8C133867213744900002175C /* Frameworks */,
				8C133868213744900002175C /* Resources */,
				8C1338A0213744940002175C /* Embed Watch Content */,
			);
			buildRules = (
			);
			dependencies = (
				8C13387F213744920002175C /* PBXTargetDependency */,
			);
			name = Project37;
			productName = Project37;
			productReference = 8C13386A213744900002175C /* Project37.app */;
			productType = "com.apple.product-type.application";
		};
		8C13387B213744920002175C /* Project37 WatchKit App */ = {
			isa = PBXNativeTarget;
			buildConfigurationList = 8C13389D213744940002175C /* Build configuration list for PBXNativeTarget "Project37 WatchKit App" */;
			buildPhases = (
				8C13387A213744920002175C /* Resources */,
				8C13389C213744940002175C /* Embed App Extensions */,
			);
			buildRules = (
			);
			dependencies = (
				8C13388E213744930002175C /* PBXTargetDependency */,
			);
			name = "Project37 WatchKit App";
			productName = "Project37 WatchKit App";
			productReference = 8C13387C213744920002175C /* Project37 WatchKit App.app */;
			productType = "com.apple.product-type.application.watchapp2";
		};
		8C13388A213744930002175C /* Project37 WatchKit Extension */ = {
			isa = PBXNativeTarget;
			buildConfigurationList = 8C133899213744940002175C /* Build configuration list for PBXNativeTarget "Project37 WatchKit Extension" */;
			buildPhases = (
				8C133887213744930002175C /* Sources */,
				8C133888213744930002175C /* Frameworks */,
				8C133889213744930002175C /* Resources */,
			);
			buildRules = (
			);
			dependencies = (
			);
			name = "Project37 WatchKit Extension";
			productName = "Project37 WatchKit Extension";
			productReference = 8C13388B213744930002175C /* Project37 WatchKit Extension.appex */;
			productType = "com.apple.product-type.watchkit2-extension";
		};
/* End PBXNativeTarget section */

/* Begin PBXProject section */
		8C133862213744900002175C /* Project object */ = {
			isa = PBXProject;
			attributes = {
				LastSwiftUpdateCheck = 0940;
				LastUpgradeCheck = 0940;
				ORGANIZATIONNAME = "Charles Martin Reed";
				TargetAttributes = {
					8C133869213744900002175C = {
						CreatedOnToolsVersion = 9.4.1;
					};
					8C13387B213744920002175C = {
						CreatedOnToolsVersion = 9.4.1;
					};
					8C13388A213744930002175C = {
						CreatedOnToolsVersion = 9.4.1;
					};
				};
			};
			buildConfigurationList = 8C133865213744900002175C /* Build configuration list for PBXProject "Project37" */;
			compatibilityVersion = "Xcode 9.3";
			developmentRegion = en;
			hasScannedForEncodings = 0;
			knownRegions = (
				en,
				Base,
			);
			mainGroup = 8C133861213744900002175C;
			productRefGroup = 8C13386B213744900002175C /* Products */;
			projectDirPath = "";
			projectRoot = "";
			targets = (
				8C133869213744900002175C /* Project37 */,
				8C13387B213744920002175C /* Project37 WatchKit App */,
				8C13388A213744930002175C /* Project37 WatchKit Extension */,
			);
		};
/* End PBXProject section */

/* Begin PBXResourcesBuildPhase section */
		8C133868213744900002175C /* Resources */ = {
			isa = PBXResourcesBuildPhase;
			buildActionMask = 2147483647;
			files = (
				8C133878213744920002175C /* LaunchScreen.storyboard in Resources */,
				8C133875213744920002175C /* Assets.xcassets in Resources */,
				8C133873213744900002175C /* Main.storyboard in Resources */,
			);
			runOnlyForDeploymentPostprocessing = 0;
		};
		8C13387A213744920002175C /* Resources */ = {
			isa = PBXResourcesBuildPhase;
			buildActionMask = 2147483647;
			files = (
				8C133885213744930002175C /* Assets.xcassets in Resources */,
				8C133883213744920002175C /* Interface.storyboard in Resources */,
			);
			runOnlyForDeploymentPostprocessing = 0;
		};
		8C133889213744930002175C /* Resources */ = {
			isa = PBXResourcesBuildPhase;
			buildActionMask = 2147483647;
			files = (
				8C133895213744940002175C /* Assets.xcassets in Resources */,
			);
			runOnlyForDeploymentPostprocessing = 0;
		};
/* End PBXResourcesBuildPhase section */

/* Begin PBXSourcesBuildPhase section */
		8C133866213744900002175C /* Sources */ = {
			isa = PBXSourcesBuildPhase;
			buildActionMask = 2147483647;
			files = (
				8C133870213744900002175C /* ViewController.swift in Sources */,
				8C13386E213744900002175C /* AppDelegate.swift in Sources */,
			);
			runOnlyForDeploymentPostprocessing = 0;
		};
		8C133887213744930002175C /* Sources */ = {
			isa = PBXSourcesBuildPhase;
			buildActionMask = 2147483647;
			files = (
				8C133893213744930002175C /* ExtensionDelegate.swift in Sources */,
				8C133891213744930002175C /* InterfaceController.swift in Sources */,
			);
			runOnlyForDeploymentPostprocessing = 0;
		};
/* End PBXSourcesBuildPhase section */

/* Begin PBXTargetDependency section */
		8C13387F213744920002175C /* PBXTargetDependency */ = {
			isa = PBXTargetDependency;
			target = 8C13387B213744920002175C /* Project37 WatchKit App */;
			targetProxy = 8C13387E213744920002175C /* PBXContainerItemProxy */;
		};
		8C13388E213744930002175C /* PBXTargetDependency */ = {
			isa = PBXTargetDependency;
			target = 8C13388A213744930002175C /* Project37 WatchKit Extension */;
			targetProxy = 8C13388D213744930002175C /* PBXContainerItemProxy */;
		};
/* End PBXTargetDependency section */

/* Begin PBXVariantGroup section */
		8C133871213744900002175C /* Main.storyboard */ = {
			isa = PBXVariantGroup;
			children = (
				8C133872213744900002175C /* Base */,
			);
			name = Main.storyboard;
			sourceTree = "<group>";
		};
		8C133876213744920002175C /* LaunchScreen.storyboard */ = {
			isa = PBXVariantGroup;
			children = (
				8C133877213744920002175C /* Base */,
			);
			name = LaunchScreen.storyboard;
			sourceTree = "<group>";
		};
		8C133881213744920002175C /* Interface.storyboard */ = {
			isa = PBXVariantGroup;
			children = (
				8C133882213744920002175C /* Base */,
			);
			name = Interface.storyboard;
			sourceTree = "<group>";
		};
/* End PBXVariantGroup section */

/* Begin XCBuildConfiguration section */
		8C133897213744940002175C /* Debug */ = {
			isa = XCBuildConfiguration;
			buildSettings = {
				ALWAYS_SEARCH_USER_PATHS = NO;
				CLANG_ANALYZER_NONNULL = YES;
				CLANG_ANALYZER_NUMBER_OBJECT_CONVERSION = YES_AGGRESSIVE;
				CLANG_CXX_LANGUAGE_STANDARD = "gnu++14";
				CLANG_CXX_LIBRARY = "libc++";
				CLANG_ENABLE_MODULES = YES;
				CLANG_ENABLE_OBJC_ARC = YES;
				CLANG_ENABLE_OBJC_WEAK = YES;
				CLANG_WARN_BLOCK_CAPTURE_AUTORELEASING = YES;
				CLANG_WARN_BOOL_CONVERSION = YES;
				CLANG_WARN_COMMA = YES;
				CLANG_WARN_CONSTANT_CONVERSION = YES;
				CLANG_WARN_DEPRECATED_OBJC_IMPLEMENTATIONS = YES;
				CLANG_WARN_DIRECT_OBJC_ISA_USAGE = YES_ERROR;
				CLANG_WARN_DOCUMENTATION_COMMENTS = YES;
				CLANG_WARN_EMPTY_BODY = YES;
				CLANG_WARN_ENUM_CONVERSION = YES;
				CLANG_WARN_INFINITE_RECURSION = YES;
				CLANG_WARN_INT_CONVERSION = YES;
				CLANG_WARN_NON_LITERAL_NULL_CONVERSION = YES;
				CLANG_WARN_OBJC_IMPLICIT_RETAIN_SELF = YES;
				CLANG_WARN_OBJC_LITERAL_CONVERSION = YES;
				CLANG_WARN_OBJC_ROOT_CLASS = YES_ERROR;
				CLANG_WARN_RANGE_LOOP_ANALYSIS = YES;
				CLANG_WARN_STRICT_PROTOTYPES = YES;
				CLANG_WARN_SUSPICIOUS_MOVE = YES;
				CLANG_WARN_UNGUARDED_AVAILABILITY = YES_AGGRESSIVE;
				CLANG_WARN_UNREACHABLE_CODE = YES;
				CLANG_WARN__DUPLICATE_METHOD_MATCH = YES;
				CODE_SIGN_IDENTITY = "iPhone Developer";
				COPY_PHASE_STRIP = NO;
				DEBUG_INFORMATION_FORMAT = dwarf;
				ENABLE_STRICT_OBJC_MSGSEND = YES;
				ENABLE_TESTABILITY = YES;
				GCC_C_LANGUAGE_STANDARD = gnu11;
				GCC_DYNAMIC_NO_PIC = NO;
				GCC_NO_COMMON_BLOCKS = YES;
				GCC_OPTIMIZATION_LEVEL = 0;
				GCC_PREPROCESSOR_DEFINITIONS = (
					"DEBUG=1",
					"$(inherited)",
				);
				GCC_WARN_64_TO_32_BIT_CONVERSION = YES;
				GCC_WARN_ABOUT_RETURN_TYPE = YES_ERROR;
				GCC_WARN_UNDECLARED_SELECTOR = YES;
				GCC_WARN_UNINITIALIZED_AUTOS = YES_AGGRESSIVE;
				GCC_WARN_UNUSED_FUNCTION = YES;
				GCC_WARN_UNUSED_VARIABLE = YES;
				IPHONEOS_DEPLOYMENT_TARGET = 11.4;
				MTL_ENABLE_DEBUG_INFO = YES;
				ONLY_ACTIVE_ARCH = YES;
				SDKROOT = iphoneos;
				SWIFT_ACTIVE_COMPILATION_CONDITIONS = DEBUG;
				SWIFT_OPTIMIZATION_LEVEL = "-Onone";
			};
			name = Debug;
		};
		8C133898213744940002175C /* Release */ = {
			isa = XCBuildConfiguration;
			buildSettings = {
				ALWAYS_SEARCH_USER_PATHS = NO;
				CLANG_ANALYZER_NONNULL = YES;
				CLANG_ANALYZER_NUMBER_OBJECT_CONVERSION = YES_AGGRESSIVE;
				CLANG_CXX_LANGUAGE_STANDARD = "gnu++14";
				CLANG_CXX_LIBRARY = "libc++";
				CLANG_ENABLE_MODULES = YES;
				CLANG_ENABLE_OBJC_ARC = YES;
				CLANG_ENABLE_OBJC_WEAK = YES;
				CLANG_WARN_BLOCK_CAPTURE_AUTORELEASING = YES;
				CLANG_WARN_BOOL_CONVERSION = YES;
				CLANG_WARN_COMMA = YES;
				CLANG_WARN_CONSTANT_CONVERSION = YES;
				CLANG_WARN_DEPRECATED_OBJC_IMPLEMENTATIONS = YES;
				CLANG_WARN_DIRECT_OBJC_ISA_USAGE = YES_ERROR;
				CLANG_WARN_DOCUMENTATION_COMMENTS = YES;
				CLANG_WARN_EMPTY_BODY = YES;
				CLANG_WARN_ENUM_CONVERSION = YES;
				CLANG_WARN_INFINITE_RECURSION = YES;
				CLANG_WARN_INT_CONVERSION = YES;
				CLANG_WARN_NON_LITERAL_NULL_CONVERSION = YES;
				CLANG_WARN_OBJC_IMPLICIT_RETAIN_SELF = YES;
				CLANG_WARN_OBJC_LITERAL_CONVERSION = YES;
				CLANG_WARN_OBJC_ROOT_CLASS = YES_ERROR;
				CLANG_WARN_RANGE_LOOP_ANALYSIS = YES;
				CLANG_WARN_STRICT_PROTOTYPES = YES;
				CLANG_WARN_SUSPICIOUS_MOVE = YES;
				CLANG_WARN_UNGUARDED_AVAILABILITY = YES_AGGRESSIVE;
				CLANG_WARN_UNREACHABLE_CODE = YES;
				CLANG_WARN__DUPLICATE_METHOD_MATCH = YES;
				CODE_SIGN_IDENTITY = "iPhone Developer";
				COPY_PHASE_STRIP = NO;
				DEBUG_INFORMATION_FORMAT = "dwarf-with-dsym";
				ENABLE_NS_ASSERTIONS = NO;
				ENABLE_STRICT_OBJC_MSGSEND = YES;
				GCC_C_LANGUAGE_STANDARD = gnu11;
				GCC_NO_COMMON_BLOCKS = YES;
				GCC_WARN_64_TO_32_BIT_CONVERSION = YES;
				GCC_WARN_ABOUT_RETURN_TYPE = YES_ERROR;
				GCC_WARN_UNDECLARED_SELECTOR = YES;
				GCC_WARN_UNINITIALIZED_AUTOS = YES_AGGRESSIVE;
				GCC_WARN_UNUSED_FUNCTION = YES;
				GCC_WARN_UNUSED_VARIABLE = YES;
				IPHONEOS_DEPLOYMENT_TARGET = 11.4;
				MTL_ENABLE_DEBUG_INFO = NO;
				SDKROOT = iphoneos;
				SWIFT_COMPILATION_MODE = wholemodule;
				SWIFT_OPTIMIZATION_LEVEL = "-O";
				VALIDATE_PRODUCT = YES;
			};
			name = Release;
		};
		8C13389A213744940002175C /* Debug */ = {
			isa = XCBuildConfiguration;
			buildSettings = {
				ASSETCATALOG_COMPILER_COMPLICATION_NAME = Complication;
				CODE_SIGN_STYLE = Automatic;
				INFOPLIST_FILE = "Project37 WatchKit Extension/Info.plist";
				LD_RUNPATH_SEARCH_PATHS = (
					"$(inherited)",
					"@executable_path/Frameworks",
					"@executable_path/../../Frameworks",
				);
				PRODUCT_BUNDLE_IDENTIFIER = com.charlesmartinreed.Project37.watchkitapp.watchkitextension;
				PRODUCT_NAME = "${TARGET_NAME}";
				SDKROOT = watchos;
				SKIP_INSTALL = YES;
				SWIFT_VERSION = 4.0;
				TARGETED_DEVICE_FAMILY = 4;
				WATCHOS_DEPLOYMENT_TARGET = 4.3;
			};
			name = Debug;
		};
		8C13389B213744940002175C /* Release */ = {
			isa = XCBuildConfiguration;
			buildSettings = {
				ASSETCATALOG_COMPILER_COMPLICATION_NAME = Complication;
				CODE_SIGN_STYLE = Automatic;
				INFOPLIST_FILE = "Project37 WatchKit Extension/Info.plist";
				LD_RUNPATH_SEARCH_PATHS = (
					"$(inherited)",
					"@executable_path/Frameworks",
					"@executable_path/../../Frameworks",
				);
				PRODUCT_BUNDLE_IDENTIFIER = com.charlesmartinreed.Project37.watchkitapp.watchkitextension;
				PRODUCT_NAME = "${TARGET_NAME}";
				SDKROOT = watchos;
				SKIP_INSTALL = YES;
				SWIFT_VERSION = 4.0;
				TARGETED_DEVICE_FAMILY = 4;
				WATCHOS_DEPLOYMENT_TARGET = 4.3;
			};
			name = Release;
		};
		8C13389E213744940002175C /* Debug */ = {
			isa = XCBuildConfiguration;
			buildSettings = {
				ALWAYS_EMBED_SWIFT_STANDARD_LIBRARIES = YES;
				ASSETCATALOG_COMPILER_APPICON_NAME = AppIcon;
				CODE_SIGN_STYLE = Automatic;
				IBSC_MODULE = Project37_WatchKit_Extension;
				INFOPLIST_FILE = "Project37 WatchKit App/Info.plist";
				PRODUCT_BUNDLE_IDENTIFIER = com.charlesmartinreed.Project37.watchkitapp;
				PRODUCT_NAME = "$(TARGET_NAME)";
				SDKROOT = watchos;
				SKIP_INSTALL = YES;
				SWIFT_VERSION = 4.0;
				TARGETED_DEVICE_FAMILY = 4;
				WATCHOS_DEPLOYMENT_TARGET = 4.3;
			};
			name = Debug;
		};
		8C13389F213744940002175C /* Release */ = {
			isa = XCBuildConfiguration;
			buildSettings = {
				ALWAYS_EMBED_SWIFT_STANDARD_LIBRARIES = YES;
				ASSETCATALOG_COMPILER_APPICON_NAME = AppIcon;
				CODE_SIGN_STYLE = Automatic;
				IBSC_MODULE = Project37_WatchKit_Extension;
				INFOPLIST_FILE = "Project37 WatchKit App/Info.plist";
				PRODUCT_BUNDLE_IDENTIFIER = com.charlesmartinreed.Project37.watchkitapp;
				PRODUCT_NAME = "$(TARGET_NAME)";
				SDKROOT = watchos;
				SKIP_INSTALL = YES;
				SWIFT_VERSION = 4.0;
				TARGETED_DEVICE_FAMILY = 4;
				WATCHOS_DEPLOYMENT_TARGET = 4.3;
			};
			name = Release;
		};
		8C1338A2213744940002175C /* Debug */ = {
			isa = XCBuildConfiguration;
			buildSettings = {
				ASSETCATALOG_COMPILER_APPICON_NAME = AppIcon;
				CODE_SIGN_STYLE = Automatic;
				INFOPLIST_FILE = Project37/Info.plist;
				LD_RUNPATH_SEARCH_PATHS = (
					"$(inherited)",
					"@executable_path/Frameworks",
				);
				PRODUCT_BUNDLE_IDENTIFIER = com.charlesmartinreed.Project37;
				PRODUCT_NAME = "$(TARGET_NAME)";
				SWIFT_VERSION = 4.0;
				TARGETED_DEVICE_FAMILY = "1,2";
			};
			name = Debug;
		};
		8C1338A3213744940002175C /* Release */ = {
			isa = XCBuildConfiguration;
			buildSettings = {
				ASSETCATALOG_COMPILER_APPICON_NAME = AppIcon;
				CODE_SIGN_STYLE = Automatic;
				INFOPLIST_FILE = Project37/Info.plist;
				LD_RUNPATH_SEARCH_PATHS = (
					"$(inherited)",
					"@executable_path/Frameworks",
				);
				PRODUCT_BUNDLE_IDENTIFIER = com.charlesmartinreed.Project37;
				PRODUCT_NAME = "$(TARGET_NAME)";
				SWIFT_VERSION = 4.0;
				TARGETED_DEVICE_FAMILY = "1,2";
			};
			name = Release;
		};
/* End XCBuildConfiguration section */

/* Begin XCConfigurationList section */
		8C133865213744900002175C /* Build configuration list for PBXProject "Project37" */ = {
			isa = XCConfigurationList;
			buildConfigurations = (
				8C133897213744940002175C /* Debug */,
				8C133898213744940002175C /* Release */,
			);
			defaultConfigurationIsVisible = 0;
			defaultConfigurationName = Release;
		};
		8C133899213744940002175C /* Build configuration list for PBXNativeTarget "Project37 WatchKit Extension" */ = {
			isa = XCConfigurationList;
			buildConfigurations = (
				8C13389A213744940002175C /* Debug */,
				8C13389B213744940002175C /* Release */,
			);
			defaultConfigurationIsVisible = 0;
			defaultConfigurationName = Release;
		};
		8C13389D213744940002175C /* Build configuration list for PBXNativeTarget "Project37 WatchKit App" */ = {
			isa = XCConfigurationList;
			buildConfigurations = (
				8C13389E213744940002175C /* Debug */,
				8C13389F213744940002175C /* Release */,
			);
			defaultConfigurationIsVisible = 0;
			defaultConfigurationName = Release;
		};
		8C1338A1213744940002175C /* Build configuration list for PBXNativeTarget "Project37" */ = {
			isa = XCConfigurationList;
			buildConfigurations = (
				8C1338A2213744940002175C /* Debug */,
				8C1338A3213744940002175C /* Release */,
			);
			defaultConfigurationIsVisible = 0;
			defaultConfigurationName = Release;
		};
/* End XCConfigurationList section */
	};
	rootObject = 8C133862213744900002175C /* Project object */;
}
